
Microsoft Visual Studio Solution File, Format Version 12.00
# Visual Studio Version 17
VisualStudioVersion = 17.0.31903.59
MinimumVisualStudioVersion = 10.0.40219.1
Project("{9A19103F-16F7-4668-BE54-9A1E7A4F7556}") = "Movies.Application", "Movies.Application\Movies.Application.csproj", "{28AC3A9E-A2BA-477C-BA60-C1FF4B9BBB18}"
EndProject
Project("{9A19103F-16F7-4668-BE54-9A1E7A4F7556}") = "Movies.Data", "Movies.Data\Movies.Data.csproj", "{DDDADFC0-F054-4AD5-BE4F-59BD2BA80440}"
EndProject
Project("{9A19103F-16F7-4668-BE54-9A1E7A4F7556}") = "Movies.Entities", "Movies.Entities\Movies.Entities.csproj", "{FF95423F-2232-4B1A-AC00-006C5D5283C0}"
EndProject
Project("{FAE04EC0-301F-11D3-BF4B-00C04F79EFBC}") = "Movies.Forms", "Movies.Forms\Movies.Forms.csproj", "{AD80F007-2E85-4AAA-B8FD-0C36CF48504F}"
EndProject
Global
	GlobalSection(SolutionConfigurationPlatforms) = preSolution
		Debug|Any CPU = Debug|Any CPU
		Release|Any CPU = Release|Any CPU
	EndGlobalSection
	GlobalSection(ProjectConfigurationPlatforms) = postSolution
		{28AC3A9E-A2BA-477C-BA60-C1FF4B9BBB18}.Debug|Any CPU.ActiveCfg = Debug|Any CPU
		{28AC3A9E-A2BA-477C-BA60-C1FF4B9BBB18}.Debug|Any CPU.Build.0 = Debug|Any CPU
		{28AC3A9E-A2BA-477C-BA60-C1FF4B9BBB18}.Release|Any CPU.ActiveCfg = Release|Any CPU
		{28AC3A9E-A2BA-477C-BA60-C1FF4B9BBB18}.Release|Any CPU.Build.0 = Release|Any CPU
		{DDDADFC0-F054-4AD5-BE4F-59BD2BA80440}.Debug|Any CPU.ActiveCfg = Debug|Any CPU
		{DDDADFC0-F054-4AD5-BE4F-59BD2BA80440}.Debug|Any CPU.Build.0 = Debug|Any CPU
		{DDDADFC0-F054-4AD5-BE4F-59BD2BA80440}.Release|Any CPU.ActiveCfg = Release|Any CPU
		{DDDADFC0-F054-4AD5-BE4F-59BD2BA80440}.Release|Any CPU.Build.0 = Release|Any CPU
		{FF95423F-2232-4B1A-AC00-006C5D5283C0}.Debug|Any CPU.ActiveCfg = Debug|Any CPU
		{FF95423F-2232-4B1A-AC00-006C5D5283C0}.Debug|Any CPU.Build.0 = Debug|Any CPU
		{FF95423F-2232-4B1A-AC00-006C5D5283C0}.Release|Any CPU.ActiveCfg = Release|Any CPU
		{FF95423F-2232-4B1A-AC00-006C5D5283C0}.Release|Any CPU.Build.0 = Release|Any CPU
		{AD80F007-2E85-4AAA-B8FD-0C36CF48504F}.Debug|Any CPU.ActiveCfg = Debug|Any CPU
		{AD80F007-2E85-4AAA-B8FD-0C36CF48504F}.Debug|Any CPU.Build.0 = Debug|Any CPU
		{AD80F007-2E85-4AAA-B8FD-0C36CF48504F}.Release|Any CPU.ActiveCfg = Release|Any CPU
		{AD80F007-2E85-4AAA-B8FD-0C36CF48504F}.Release|Any CPU.Build.0 = Release|Any CPU
	EndGlobalSection
	GlobalSection(SolutionProperties) = preSolution
		HideSolutionNode = FALSE
	EndGlobalSection
	GlobalSection(ExtensibilityGlobals) = postSolution
		SolutionGuid = {54382C1C-ECE2-4F46-9BE5-58750459C80E}
	EndGlobalSection
EndGlobal
