
Microsoft Visual Studio Solution File, Format Version 12.00
# Visual Studio Version 16
VisualStudioVersion = 16.0.30114.105
MinimumVisualStudioVersion = 10.0.40219.1
Project("{FAE04EC0-301F-11D3-BF4B-00C04F79EFBC}") = "Arrays", "Arrays\Arrays.csproj", "{1216845B-A77C-4DF6-AF63-CC7A30E6DD2C}"
EndProject
Project("{FAE04EC0-301F-11D3-BF4B-00C04F79EFBC}") = "BuildInFunctions", "BuildInFunctions\BuildInFunctions.csproj", "{AE06C9E4-FA30-4844-9BF9-A4EBB0CD7F86}"
EndProject
Project("{FAE04EC0-301F-11D3-BF4B-00C04F79EFBC}") = "HangManGame", "HangManGame\HangManGame.csproj", "{D3971214-DC1A-43BC-B76A-11FB716102ED}"
EndProject
Project("{FAE04EC0-301F-11D3-BF4B-00C04F79EFBC}") = "IntroConcept", "IntroConcept\IntroConcept.csproj", "{7CF46A13-64CC-43B6-9832-794D7230428D}"
EndProject
Project("{2150E333-8FDC-42A3-9474-1A3956D46DE8}") = "LoopExamples", "LoopExamples", "{1FC34F07-260B-4289-9267-7B3DF71024E5}"
EndProject
Project("{FAE04EC0-301F-11D3-BF4B-00C04F79EFBC}") = "ForEachLoop", "LoopExamples\ForEachLoop\ForEachLoop.csproj", "{96A87606-4176-4FBF-8671-8C6C0C04D98E}"
EndProject
Project("{FAE04EC0-301F-11D3-BF4B-00C04F79EFBC}") = "ForLoop", "LoopExamples\ForLoop\ForLoop.csproj", "{EC7B1B71-12B2-41E0-B721-65B72235728A}"
EndProject
Project("{FAE04EC0-301F-11D3-BF4B-00C04F79EFBC}") = "WhileLoop", "LoopExamples\WhileLoop\WhileLoop.csproj", "{EF73D25A-9459-404D-9721-CB2F4CC1BD5C}"
EndProject
Project("{FAE04EC0-301F-11D3-BF4B-00C04F79EFBC}") = "MethodOverLoading", "MethodOverLoading\MethodOverLoading.csproj", "{7FF5C2F8-3F04-421E-B072-02B269922185}"
EndProject
Project("{2150E333-8FDC-42A3-9474-1A3956D46DE8}") = "OOP", "OOP", "{6506DD04-34B3-4907-9531-B6AC4DC16EA9}"
EndProject
Project("{FAE04EC0-301F-11D3-BF4B-00C04F79EFBC}") = "ClassVSObject", "OOP\ClassVSObject\ClassVSObject.csproj", "{7D2D974F-2792-46FB-96A2-14C5676BEC97}"
EndProject
Project("{FAE04EC0-301F-11D3-BF4B-00C04F79EFBC}") = "Constructors", "OOP\Constructors\Constructors.csproj", "{478B2249-28A4-4000-8916-2C99E8FEB739}"
EndProject
Project("{FAE04EC0-301F-11D3-BF4B-00C04F79EFBC}") = "Encapsulation", "OOP\Encapsulation\Encapsulation.csproj", "{C7802056-4578-4D83-96A2-CF6802CCDED0}"
EndProject
Project("{2150E333-8FDC-42A3-9474-1A3956D46DE8}") = "GenericInterfaces", "GenericInterfaces", "{75695453-94A2-4EF0-B123-37D1E6E14AB8}"
EndProject
Project("{FAE04EC0-301F-11D3-BF4B-00C04F79EFBC}") = "CovariantInterface", "OOP\GenericInterfaces\CovariantInterface\CovariantInterface.csproj", "{D5110384-9E3C-4C36-947F-AC02A6ED1F8F}"
EndProject
Project("{2150E333-8FDC-42A3-9474-1A3956D46DE8}") = "Inheritance", "Inheritance", "{E92EC457-1352-4FA5-B474-D13F42437F9C}"
EndProject
Project("{FAE04EC0-301F-11D3-BF4B-00C04F79EFBC}") = "AbstractClassVSInterface", "OOP\Inheritance\AbstractClassVSInterface\AbstractClassVSInterface.csproj", "{5AD3F3E3-DE01-4C8C-A2CF-D680841AABF7}"
EndProject
Project("{FAE04EC0-301F-11D3-BF4B-00C04F79EFBC}") = "CounterStrike", "OOP\Inheritance\CounterStrike\CounterStrike.csproj", "{766C40FD-9DA3-44AA-A3B7-B7DA72A36E0A}"
EndProject
Project("{FAE04EC0-301F-11D3-BF4B-00C04F79EFBC}") = "Polimorphism", "OOP\Inheritance\Polimorphism\Polimorphism.csproj", "{D0C92D5D-1BEA-4BEA-86BF-24D2C211D916}"
EndProject
Project("{2150E333-8FDC-42A3-9474-1A3956D46DE8}") = "NullConcepts", "NullConcepts", "{8FCCE2FD-C361-496A-B09B-5566A8CE8E7E}"
EndProject
Project("{FAE04EC0-301F-11D3-BF4B-00C04F79EFBC}") = "GenericTypes", "OOP\NullConcepts\GenericTypes\GenericTypes.csproj", "{C5C638C6-EAAB-4B2A-959D-9CF4B8BA097B}"
EndProject
Project("{FAE04EC0-301F-11D3-BF4B-00C04F79EFBC}") = "NullOperations", "OOP\NullConcepts\NullOperations\NullOperations.csproj", "{942C8887-C5D8-400F-8A25-CABD3B8D280A}"
EndProject
Project("{FAE04EC0-301F-11D3-BF4B-00C04F79EFBC}") = "StatementsIf", "StatementsIf\StatementsIf.csproj", "{6E7FAD78-CA47-479E-83F0-1A8053A780BB}"
EndProject
Project("{FAE04EC0-301F-11D3-BF4B-00C04F79EFBC}") = "SwitchCase", "SwitchCase\SwitchCase.csproj", "{418858A9-5E28-4618-91F8-BEBB4CF378B5}"
EndProject
Project("{FAE04EC0-301F-11D3-BF4B-00C04F79EFBC}") = "TryAndCatch", "TryAndCatch\TryAndCatch.csproj", "{46B79696-6CB5-4106-9DA4-8AA8E6B882E5}"
EndProject
Project("{FAE04EC0-301F-11D3-BF4B-00C04F79EFBC}") = "BuiltInInterface", "OOP\BuiltInInterface\BuiltInInterface.csproj", "{40CA4DCB-458C-44D7-9280-3516380B4595}"
EndProject
Project("{2150E333-8FDC-42A3-9474-1A3956D46DE8}") = "SOLID", "SOLID", "{3FD05254-F7EF-4CBF-BB97-E3B1B75BCB51}"
EndProject
Project("{FAE04EC0-301F-11D3-BF4B-00C04F79EFBC}") = "OpenClosed", "SOLID\OpenClosed\OpenClosed.csproj", "{357A3C3B-C536-44F5-9ADD-4D326F0E7F84}"
EndProject
Project("{FAE04EC0-301F-11D3-BF4B-00C04F79EFBC}") = "LiscovSubstution", "SOLID\LiscovSubstution\LiscovSubstution.csproj", "{87556461-6FBF-46F5-9AF2-5D189EE2D874}"
EndProject
Project("{FAE04EC0-301F-11D3-BF4B-00C04F79EFBC}") = "InterfaceSegregation", "SOLID\InterfaceSegregation\InterfaceSegregation.csproj", "{E819F925-3D07-481E-A420-2973B8821C51}"
EndProject
Project("{FAE04EC0-301F-11D3-BF4B-00C04F79EFBC}") = "DependencyInversion", "SOLID\DependencyInversion\DependencyInversion.csproj", "{956AC488-237B-4A07-ACB4-CE75CB11C007}"
EndProject
Project("{2150E333-8FDC-42A3-9474-1A3956D46DE8}") = "DelegateAndEvent", "DelegateAndEvent", "{20B837D4-C81A-4FF3-8032-1F27FF1CE750}"
EndProject
Project("{FAE04EC0-301F-11D3-BF4B-00C04F79EFBC}") = "UsingDelegate", "DelegateAndEvent\UsingDelegate\UsingDelegate.csproj", "{8076B74A-C60D-465D-9FD1-A5B611C24807}"
EndProject
Project("{2150E333-8FDC-42A3-9474-1A3956D46DE8}") = "Homeworks", "Homeworks", "{D5BAFB2B-3F3D-4D3B-80E4-F65C8BE89C74}"
EndProject
Project("{2150E333-8FDC-42A3-9474-1A3956D46DE8}") = "SecondWeek", "SecondWeek", "{38F9CA91-66B2-42D7-9110-8774FBCBC3D3}"
EndProject
Project("{FAE04EC0-301F-11D3-BF4B-00C04F79EFBC}") = "SRP", "Homeworks\SecondWeek\SRP\SRP.csproj", "{BD292303-764F-4F64-9CBB-7269A86033B1}"
EndProject
Project("{2150E333-8FDC-42A3-9474-1A3956D46DE8}") = "LINQ", "LINQ", "{9505D390-29B5-4B09-83C1-9EB180D55FF1}"
EndProject
Project("{FAE04EC0-301F-11D3-BF4B-00C04F79EFBC}") = "LinqIntro", "LINQ\LinqIntro\LinqIntro.csproj", "{12DED520-6EFE-4C5D-8619-6F7294FE8A42}"
EndProject
Project("{FAE04EC0-301F-11D3-BF4B-00C04F79EFBC}") = "ExtensionMethods", "LINQ\ExtensionMethods\ExtensionMethods.csproj", "{73F4DBF6-B97C-48A6-95C9-C810E742079B}"
EndProject
Project("{FAE04EC0-301F-11D3-BF4B-00C04F79EFBC}") = "OpenClosePrinciple", "Homeworks\SecondWeek\OpenClosePrinciple\OpenClosePrinciple.csproj", "{9AABB0BF-E7D0-4448-BDDB-31EB80A24512}"
EndProject
Project("{FAE04EC0-301F-11D3-BF4B-00C04F79EFBC}") = "GetPasswordStrength", "LINQ\GetPasswordStrength\GetPasswordStrength.csproj", "{B85CC03F-0BAF-4E60-80B5-0C2D3CE0CDEA}"
EndProject
Project("{2150E333-8FDC-42A3-9474-1A3956D46DE8}") = "ThirdWeek", "ThirdWeek", "{599ADE67-6611-4A2D-94B3-302543E9C138}"
EndProject
Project("{FAE04EC0-301F-11D3-BF4B-00C04F79EFBC}") = "LiskovExampleHw", "Homeworks\ThirdWeek\LiskovExampleHw\LiskovExampleHw.csproj", "{AA355D6A-AE12-459C-BCC5-76018246F5F8}"
EndProject
Project("{2150E333-8FDC-42A3-9474-1A3956D46DE8}") = "Assigments", "Assigments", "{DD960626-807D-47E9-AB87-876E15AF2429}"
EndProject
Project("{FAE04EC0-301F-11D3-BF4B-00C04F79EFBC}") = "SchoolManagement", "Homeworks\Assigments\SchoolManagement\SchoolManagement.csproj", "{C111E78F-8895-4655-A2C5-846922EFC920}"
EndProject
Project("{2150E333-8FDC-42A3-9474-1A3956D46DE8}") = "EFCore", "EFCore", "{4C2DD75F-DAD7-405E-A17C-C2AFB1AC806F}"
EndProject
Project("{FAE04EC0-301F-11D3-BF4B-00C04F79EFBC}") = "EFCoreBasics", "EFCore\EFCoreBasics\EFCoreBasics.csproj", "{39616F16-7CB4-43ED-8DC0-75DF9E4E0E93}"
EndProject
Global
	GlobalSection(SolutionConfigurationPlatforms) = preSolution
		Debug|Any CPU = Debug|Any CPU
		Release|Any CPU = Release|Any CPU
	EndGlobalSection
	GlobalSection(SolutionProperties) = preSolution
		HideSolutionNode = FALSE
	EndGlobalSection
	GlobalSection(ProjectConfigurationPlatforms) = postSolution
		{1216845B-A77C-4DF6-AF63-CC7A30E6DD2C}.Debug|Any CPU.ActiveCfg = Debug|Any CPU
		{1216845B-A77C-4DF6-AF63-CC7A30E6DD2C}.Debug|Any CPU.Build.0 = Debug|Any CPU
		{1216845B-A77C-4DF6-AF63-CC7A30E6DD2C}.Release|Any CPU.ActiveCfg = Release|Any CPU
		{1216845B-A77C-4DF6-AF63-CC7A30E6DD2C}.Release|Any CPU.Build.0 = Release|Any CPU
		{AE06C9E4-FA30-4844-9BF9-A4EBB0CD7F86}.Debug|Any CPU.ActiveCfg = Debug|Any CPU
		{AE06C9E4-FA30-4844-9BF9-A4EBB0CD7F86}.Debug|Any CPU.Build.0 = Debug|Any CPU
		{AE06C9E4-FA30-4844-9BF9-A4EBB0CD7F86}.Release|Any CPU.ActiveCfg = Release|Any CPU
		{AE06C9E4-FA30-4844-9BF9-A4EBB0CD7F86}.Release|Any CPU.Build.0 = Release|Any CPU
		{D3971214-DC1A-43BC-B76A-11FB716102ED}.Debug|Any CPU.ActiveCfg = Debug|Any CPU
		{D3971214-DC1A-43BC-B76A-11FB716102ED}.Debug|Any CPU.Build.0 = Debug|Any CPU
		{D3971214-DC1A-43BC-B76A-11FB716102ED}.Release|Any CPU.ActiveCfg = Release|Any CPU
		{D3971214-DC1A-43BC-B76A-11FB716102ED}.Release|Any CPU.Build.0 = Release|Any CPU
		{7CF46A13-64CC-43B6-9832-794D7230428D}.Debug|Any CPU.ActiveCfg = Debug|Any CPU
		{7CF46A13-64CC-43B6-9832-794D7230428D}.Debug|Any CPU.Build.0 = Debug|Any CPU
		{7CF46A13-64CC-43B6-9832-794D7230428D}.Release|Any CPU.ActiveCfg = Release|Any CPU
		{7CF46A13-64CC-43B6-9832-794D7230428D}.Release|Any CPU.Build.0 = Release|Any CPU
		{96A87606-4176-4FBF-8671-8C6C0C04D98E}.Debug|Any CPU.ActiveCfg = Debug|Any CPU
		{96A87606-4176-4FBF-8671-8C6C0C04D98E}.Debug|Any CPU.Build.0 = Debug|Any CPU
		{96A87606-4176-4FBF-8671-8C6C0C04D98E}.Release|Any CPU.ActiveCfg = Release|Any CPU
		{96A87606-4176-4FBF-8671-8C6C0C04D98E}.Release|Any CPU.Build.0 = Release|Any CPU
		{EC7B1B71-12B2-41E0-B721-65B72235728A}.Debug|Any CPU.ActiveCfg = Debug|Any CPU
		{EC7B1B71-12B2-41E0-B721-65B72235728A}.Debug|Any CPU.Build.0 = Debug|Any CPU
		{EC7B1B71-12B2-41E0-B721-65B72235728A}.Release|Any CPU.ActiveCfg = Release|Any CPU
		{EC7B1B71-12B2-41E0-B721-65B72235728A}.Release|Any CPU.Build.0 = Release|Any CPU
		{EF73D25A-9459-404D-9721-CB2F4CC1BD5C}.Debug|Any CPU.ActiveCfg = Debug|Any CPU
		{EF73D25A-9459-404D-9721-CB2F4CC1BD5C}.Debug|Any CPU.Build.0 = Debug|Any CPU
		{EF73D25A-9459-404D-9721-CB2F4CC1BD5C}.Release|Any CPU.ActiveCfg = Release|Any CPU
		{EF73D25A-9459-404D-9721-CB2F4CC1BD5C}.Release|Any CPU.Build.0 = Release|Any CPU
		{7FF5C2F8-3F04-421E-B072-02B269922185}.Debug|Any CPU.ActiveCfg = Debug|Any CPU
		{7FF5C2F8-3F04-421E-B072-02B269922185}.Debug|Any CPU.Build.0 = Debug|Any CPU
		{7FF5C2F8-3F04-421E-B072-02B269922185}.Release|Any CPU.ActiveCfg = Release|Any CPU
		{7FF5C2F8-3F04-421E-B072-02B269922185}.Release|Any CPU.Build.0 = Release|Any CPU
		{7D2D974F-2792-46FB-96A2-14C5676BEC97}.Debug|Any CPU.ActiveCfg = Debug|Any CPU
		{7D2D974F-2792-46FB-96A2-14C5676BEC97}.Debug|Any CPU.Build.0 = Debug|Any CPU
		{7D2D974F-2792-46FB-96A2-14C5676BEC97}.Release|Any CPU.ActiveCfg = Release|Any CPU
		{7D2D974F-2792-46FB-96A2-14C5676BEC97}.Release|Any CPU.Build.0 = Release|Any CPU
		{478B2249-28A4-4000-8916-2C99E8FEB739}.Debug|Any CPU.ActiveCfg = Debug|Any CPU
		{478B2249-28A4-4000-8916-2C99E8FEB739}.Debug|Any CPU.Build.0 = Debug|Any CPU
		{478B2249-28A4-4000-8916-2C99E8FEB739}.Release|Any CPU.ActiveCfg = Release|Any CPU
		{478B2249-28A4-4000-8916-2C99E8FEB739}.Release|Any CPU.Build.0 = Release|Any CPU
		{C7802056-4578-4D83-96A2-CF6802CCDED0}.Debug|Any CPU.ActiveCfg = Debug|Any CPU
		{C7802056-4578-4D83-96A2-CF6802CCDED0}.Debug|Any CPU.Build.0 = Debug|Any CPU
		{C7802056-4578-4D83-96A2-CF6802CCDED0}.Release|Any CPU.ActiveCfg = Release|Any CPU
		{C7802056-4578-4D83-96A2-CF6802CCDED0}.Release|Any CPU.Build.0 = Release|Any CPU
		{D5110384-9E3C-4C36-947F-AC02A6ED1F8F}.Debug|Any CPU.ActiveCfg = Debug|Any CPU
		{D5110384-9E3C-4C36-947F-AC02A6ED1F8F}.Debug|Any CPU.Build.0 = Debug|Any CPU
		{D5110384-9E3C-4C36-947F-AC02A6ED1F8F}.Release|Any CPU.ActiveCfg = Release|Any CPU
		{D5110384-9E3C-4C36-947F-AC02A6ED1F8F}.Release|Any CPU.Build.0 = Release|Any CPU
		{5AD3F3E3-DE01-4C8C-A2CF-D680841AABF7}.Debug|Any CPU.ActiveCfg = Debug|Any CPU
		{5AD3F3E3-DE01-4C8C-A2CF-D680841AABF7}.Debug|Any CPU.Build.0 = Debug|Any CPU
		{5AD3F3E3-DE01-4C8C-A2CF-D680841AABF7}.Release|Any CPU.ActiveCfg = Release|Any CPU
		{5AD3F3E3-DE01-4C8C-A2CF-D680841AABF7}.Release|Any CPU.Build.0 = Release|Any CPU
		{766C40FD-9DA3-44AA-A3B7-B7DA72A36E0A}.Debug|Any CPU.ActiveCfg = Debug|Any CPU
		{766C40FD-9DA3-44AA-A3B7-B7DA72A36E0A}.Debug|Any CPU.Build.0 = Debug|Any CPU
		{766C40FD-9DA3-44AA-A3B7-B7DA72A36E0A}.Release|Any CPU.ActiveCfg = Release|Any CPU
		{766C40FD-9DA3-44AA-A3B7-B7DA72A36E0A}.Release|Any CPU.Build.0 = Release|Any CPU
		{D0C92D5D-1BEA-4BEA-86BF-24D2C211D916}.Debug|Any CPU.ActiveCfg = Debug|Any CPU
		{D0C92D5D-1BEA-4BEA-86BF-24D2C211D916}.Debug|Any CPU.Build.0 = Debug|Any CPU
		{D0C92D5D-1BEA-4BEA-86BF-24D2C211D916}.Release|Any CPU.ActiveCfg = Release|Any CPU
		{D0C92D5D-1BEA-4BEA-86BF-24D2C211D916}.Release|Any CPU.Build.0 = Release|Any CPU
		{C5C638C6-EAAB-4B2A-959D-9CF4B8BA097B}.Debug|Any CPU.ActiveCfg = Debug|Any CPU
		{C5C638C6-EAAB-4B2A-959D-9CF4B8BA097B}.Debug|Any CPU.Build.0 = Debug|Any CPU
		{C5C638C6-EAAB-4B2A-959D-9CF4B8BA097B}.Release|Any CPU.ActiveCfg = Release|Any CPU
		{C5C638C6-EAAB-4B2A-959D-9CF4B8BA097B}.Release|Any CPU.Build.0 = Release|Any CPU
		{942C8887-C5D8-400F-8A25-CABD3B8D280A}.Debug|Any CPU.ActiveCfg = Debug|Any CPU
		{942C8887-C5D8-400F-8A25-CABD3B8D280A}.Debug|Any CPU.Build.0 = Debug|Any CPU
		{942C8887-C5D8-400F-8A25-CABD3B8D280A}.Release|Any CPU.ActiveCfg = Release|Any CPU
		{942C8887-C5D8-400F-8A25-CABD3B8D280A}.Release|Any CPU.Build.0 = Release|Any CPU
		{6E7FAD78-CA47-479E-83F0-1A8053A780BB}.Debug|Any CPU.ActiveCfg = Debug|Any CPU
		{6E7FAD78-CA47-479E-83F0-1A8053A780BB}.Debug|Any CPU.Build.0 = Debug|Any CPU
		{6E7FAD78-CA47-479E-83F0-1A8053A780BB}.Release|Any CPU.ActiveCfg = Release|Any CPU
		{6E7FAD78-CA47-479E-83F0-1A8053A780BB}.Release|Any CPU.Build.0 = Release|Any CPU
		{418858A9-5E28-4618-91F8-BEBB4CF378B5}.Debug|Any CPU.ActiveCfg = Debug|Any CPU
		{418858A9-5E28-4618-91F8-BEBB4CF378B5}.Debug|Any CPU.Build.0 = Debug|Any CPU
		{418858A9-5E28-4618-91F8-BEBB4CF378B5}.Release|Any CPU.ActiveCfg = Release|Any CPU
		{418858A9-5E28-4618-91F8-BEBB4CF378B5}.Release|Any CPU.Build.0 = Release|Any CPU
		{46B79696-6CB5-4106-9DA4-8AA8E6B882E5}.Debug|Any CPU.ActiveCfg = Debug|Any CPU
		{46B79696-6CB5-4106-9DA4-8AA8E6B882E5}.Debug|Any CPU.Build.0 = Debug|Any CPU
		{46B79696-6CB5-4106-9DA4-8AA8E6B882E5}.Release|Any CPU.ActiveCfg = Release|Any CPU
		{46B79696-6CB5-4106-9DA4-8AA8E6B882E5}.Release|Any CPU.Build.0 = Release|Any CPU
		{40CA4DCB-458C-44D7-9280-3516380B4595}.Debug|Any CPU.ActiveCfg = Debug|Any CPU
		{40CA4DCB-458C-44D7-9280-3516380B4595}.Debug|Any CPU.Build.0 = Debug|Any CPU
		{40CA4DCB-458C-44D7-9280-3516380B4595}.Release|Any CPU.ActiveCfg = Release|Any CPU
		{40CA4DCB-458C-44D7-9280-3516380B4595}.Release|Any CPU.Build.0 = Release|Any CPU
		{357A3C3B-C536-44F5-9ADD-4D326F0E7F84}.Debug|Any CPU.ActiveCfg = Debug|Any CPU
		{357A3C3B-C536-44F5-9ADD-4D326F0E7F84}.Debug|Any CPU.Build.0 = Debug|Any CPU
		{357A3C3B-C536-44F5-9ADD-4D326F0E7F84}.Release|Any CPU.ActiveCfg = Release|Any CPU
		{357A3C3B-C536-44F5-9ADD-4D326F0E7F84}.Release|Any CPU.Build.0 = Release|Any CPU
		{87556461-6FBF-46F5-9AF2-5D189EE2D874}.Debug|Any CPU.ActiveCfg = Debug|Any CPU
		{87556461-6FBF-46F5-9AF2-5D189EE2D874}.Debug|Any CPU.Build.0 = Debug|Any CPU
		{87556461-6FBF-46F5-9AF2-5D189EE2D874}.Release|Any CPU.ActiveCfg = Release|Any CPU
		{87556461-6FBF-46F5-9AF2-5D189EE2D874}.Release|Any CPU.Build.0 = Release|Any CPU
		{E819F925-3D07-481E-A420-2973B8821C51}.Debug|Any CPU.ActiveCfg = Debug|Any CPU
		{E819F925-3D07-481E-A420-2973B8821C51}.Debug|Any CPU.Build.0 = Debug|Any CPU
		{E819F925-3D07-481E-A420-2973B8821C51}.Release|Any CPU.ActiveCfg = Release|Any CPU
		{E819F925-3D07-481E-A420-2973B8821C51}.Release|Any CPU.Build.0 = Release|Any CPU
		{956AC488-237B-4A07-ACB4-CE75CB11C007}.Debug|Any CPU.ActiveCfg = Debug|Any CPU
		{956AC488-237B-4A07-ACB4-CE75CB11C007}.Debug|Any CPU.Build.0 = Debug|Any CPU
		{956AC488-237B-4A07-ACB4-CE75CB11C007}.Release|Any CPU.ActiveCfg = Release|Any CPU
		{956AC488-237B-4A07-ACB4-CE75CB11C007}.Release|Any CPU.Build.0 = Release|Any CPU
		{8076B74A-C60D-465D-9FD1-A5B611C24807}.Debug|Any CPU.ActiveCfg = Debug|Any CPU
		{8076B74A-C60D-465D-9FD1-A5B611C24807}.Debug|Any CPU.Build.0 = Debug|Any CPU
		{8076B74A-C60D-465D-9FD1-A5B611C24807}.Release|Any CPU.ActiveCfg = Release|Any CPU
		{8076B74A-C60D-465D-9FD1-A5B611C24807}.Release|Any CPU.Build.0 = Release|Any CPU
		{BD292303-764F-4F64-9CBB-7269A86033B1}.Debug|Any CPU.ActiveCfg = Debug|Any CPU
		{BD292303-764F-4F64-9CBB-7269A86033B1}.Debug|Any CPU.Build.0 = Debug|Any CPU
		{BD292303-764F-4F64-9CBB-7269A86033B1}.Release|Any CPU.ActiveCfg = Release|Any CPU
		{BD292303-764F-4F64-9CBB-7269A86033B1}.Release|Any CPU.Build.0 = Release|Any CPU
		{12DED520-6EFE-4C5D-8619-6F7294FE8A42}.Debug|Any CPU.ActiveCfg = Debug|Any CPU
		{12DED520-6EFE-4C5D-8619-6F7294FE8A42}.Debug|Any CPU.Build.0 = Debug|Any CPU
		{12DED520-6EFE-4C5D-8619-6F7294FE8A42}.Release|Any CPU.ActiveCfg = Release|Any CPU
		{12DED520-6EFE-4C5D-8619-6F7294FE8A42}.Release|Any CPU.Build.0 = Release|Any CPU
		{73F4DBF6-B97C-48A6-95C9-C810E742079B}.Debug|Any CPU.ActiveCfg = Debug|Any CPU
		{73F4DBF6-B97C-48A6-95C9-C810E742079B}.Debug|Any CPU.Build.0 = Debug|Any CPU
		{73F4DBF6-B97C-48A6-95C9-C810E742079B}.Release|Any CPU.ActiveCfg = Release|Any CPU
		{73F4DBF6-B97C-48A6-95C9-C810E742079B}.Release|Any CPU.Build.0 = Release|Any CPU
		{9AABB0BF-E7D0-4448-BDDB-31EB80A24512}.Debug|Any CPU.ActiveCfg = Debug|Any CPU
		{9AABB0BF-E7D0-4448-BDDB-31EB80A24512}.Debug|Any CPU.Build.0 = Debug|Any CPU
		{9AABB0BF-E7D0-4448-BDDB-31EB80A24512}.Release|Any CPU.ActiveCfg = Release|Any CPU
		{9AABB0BF-E7D0-4448-BDDB-31EB80A24512}.Release|Any CPU.Build.0 = Release|Any CPU
		{B85CC03F-0BAF-4E60-80B5-0C2D3CE0CDEA}.Debug|Any CPU.ActiveCfg = Debug|Any CPU
		{B85CC03F-0BAF-4E60-80B5-0C2D3CE0CDEA}.Debug|Any CPU.Build.0 = Debug|Any CPU
		{B85CC03F-0BAF-4E60-80B5-0C2D3CE0CDEA}.Release|Any CPU.ActiveCfg = Release|Any CPU
		{B85CC03F-0BAF-4E60-80B5-0C2D3CE0CDEA}.Release|Any CPU.Build.0 = Release|Any CPU
		{AA355D6A-AE12-459C-BCC5-76018246F5F8}.Debug|Any CPU.ActiveCfg = Debug|Any CPU
		{AA355D6A-AE12-459C-BCC5-76018246F5F8}.Debug|Any CPU.Build.0 = Debug|Any CPU
		{AA355D6A-AE12-459C-BCC5-76018246F5F8}.Release|Any CPU.ActiveCfg = Release|Any CPU
		{AA355D6A-AE12-459C-BCC5-76018246F5F8}.Release|Any CPU.Build.0 = Release|Any CPU
		{C111E78F-8895-4655-A2C5-846922EFC920}.Debug|Any CPU.ActiveCfg = Debug|Any CPU
		{C111E78F-8895-4655-A2C5-846922EFC920}.Debug|Any CPU.Build.0 = Debug|Any CPU
		{C111E78F-8895-4655-A2C5-846922EFC920}.Release|Any CPU.ActiveCfg = Release|Any CPU
		{C111E78F-8895-4655-A2C5-846922EFC920}.Release|Any CPU.Build.0 = Release|Any CPU
		{39616F16-7CB4-43ED-8DC0-75DF9E4E0E93}.Debug|Any CPU.ActiveCfg = Debug|Any CPU
		{39616F16-7CB4-43ED-8DC0-75DF9E4E0E93}.Debug|Any CPU.Build.0 = Debug|Any CPU
		{39616F16-7CB4-43ED-8DC0-75DF9E4E0E93}.Release|Any CPU.ActiveCfg = Release|Any CPU
		{39616F16-7CB4-43ED-8DC0-75DF9E4E0E93}.Release|Any CPU.Build.0 = Release|Any CPU
	EndGlobalSection
	GlobalSection(NestedProjects) = preSolution
		{96A87606-4176-4FBF-8671-8C6C0C04D98E} = {1FC34F07-260B-4289-9267-7B3DF71024E5}
		{EC7B1B71-12B2-41E0-B721-65B72235728A} = {1FC34F07-260B-4289-9267-7B3DF71024E5}
		{EF73D25A-9459-404D-9721-CB2F4CC1BD5C} = {1FC34F07-260B-4289-9267-7B3DF71024E5}
		{7D2D974F-2792-46FB-96A2-14C5676BEC97} = {6506DD04-34B3-4907-9531-B6AC4DC16EA9}
		{478B2249-28A4-4000-8916-2C99E8FEB739} = {6506DD04-34B3-4907-9531-B6AC4DC16EA9}
		{C7802056-4578-4D83-96A2-CF6802CCDED0} = {6506DD04-34B3-4907-9531-B6AC4DC16EA9}
		{75695453-94A2-4EF0-B123-37D1E6E14AB8} = {6506DD04-34B3-4907-9531-B6AC4DC16EA9}
		{D5110384-9E3C-4C36-947F-AC02A6ED1F8F} = {75695453-94A2-4EF0-B123-37D1E6E14AB8}
		{E92EC457-1352-4FA5-B474-D13F42437F9C} = {6506DD04-34B3-4907-9531-B6AC4DC16EA9}
		{5AD3F3E3-DE01-4C8C-A2CF-D680841AABF7} = {E92EC457-1352-4FA5-B474-D13F42437F9C}
		{766C40FD-9DA3-44AA-A3B7-B7DA72A36E0A} = {E92EC457-1352-4FA5-B474-D13F42437F9C}
		{D0C92D5D-1BEA-4BEA-86BF-24D2C211D916} = {E92EC457-1352-4FA5-B474-D13F42437F9C}
		{8FCCE2FD-C361-496A-B09B-5566A8CE8E7E} = {6506DD04-34B3-4907-9531-B6AC4DC16EA9}
		{C5C638C6-EAAB-4B2A-959D-9CF4B8BA097B} = {8FCCE2FD-C361-496A-B09B-5566A8CE8E7E}
		{942C8887-C5D8-400F-8A25-CABD3B8D280A} = {8FCCE2FD-C361-496A-B09B-5566A8CE8E7E}
		{40CA4DCB-458C-44D7-9280-3516380B4595} = {6506DD04-34B3-4907-9531-B6AC4DC16EA9}
		{357A3C3B-C536-44F5-9ADD-4D326F0E7F84} = {3FD05254-F7EF-4CBF-BB97-E3B1B75BCB51}
		{87556461-6FBF-46F5-9AF2-5D189EE2D874} = {3FD05254-F7EF-4CBF-BB97-E3B1B75BCB51}
		{E819F925-3D07-481E-A420-2973B8821C51} = {3FD05254-F7EF-4CBF-BB97-E3B1B75BCB51}
		{956AC488-237B-4A07-ACB4-CE75CB11C007} = {3FD05254-F7EF-4CBF-BB97-E3B1B75BCB51}
		{8076B74A-C60D-465D-9FD1-A5B611C24807} = {20B837D4-C81A-4FF3-8032-1F27FF1CE750}
		{38F9CA91-66B2-42D7-9110-8774FBCBC3D3} = {D5BAFB2B-3F3D-4D3B-80E4-F65C8BE89C74}
		{BD292303-764F-4F64-9CBB-7269A86033B1} = {38F9CA91-66B2-42D7-9110-8774FBCBC3D3}
		{12DED520-6EFE-4C5D-8619-6F7294FE8A42} = {9505D390-29B5-4B09-83C1-9EB180D55FF1}
		{73F4DBF6-B97C-48A6-95C9-C810E742079B} = {9505D390-29B5-4B09-83C1-9EB180D55FF1}
		{9AABB0BF-E7D0-4448-BDDB-31EB80A24512} = {38F9CA91-66B2-42D7-9110-8774FBCBC3D3}
		{B85CC03F-0BAF-4E60-80B5-0C2D3CE0CDEA} = {9505D390-29B5-4B09-83C1-9EB180D55FF1}
		{599ADE67-6611-4A2D-94B3-302543E9C138} = {D5BAFB2B-3F3D-4D3B-80E4-F65C8BE89C74}
		{AA355D6A-AE12-459C-BCC5-76018246F5F8} = {599ADE67-6611-4A2D-94B3-302543E9C138}
		{DD960626-807D-47E9-AB87-876E15AF2429} = {D5BAFB2B-3F3D-4D3B-80E4-F65C8BE89C74}
		{C111E78F-8895-4655-A2C5-846922EFC920} = {DD960626-807D-47E9-AB87-876E15AF2429}
		{39616F16-7CB4-43ED-8DC0-75DF9E4E0E93} = {4C2DD75F-DAD7-405E-A17C-C2AFB1AC806F}
	EndGlobalSection
EndGlobal
